
Microsoft Visual Studio Solution File, Format Version 12.00
# Visual Studio Version 16
VisualStudioVersion = 16.0.31829.152
MinimumVisualStudioVersion = 10.0.40219.1
Project("{FAE04EC0-301F-11D3-BF4B-00C04F79EFBC}") = "DersTekrar", "DersTekrar\DersTekrar.csproj", "{F469A682-6889-4C02-9389-9918A6F3FC42}"
EndProject
Project("{FAE04EC0-301F-11D3-BF4B-00C04F79EFBC}") = "OgrenciLib", "OgrenciLib\OgrenciLib.csproj", "{C4DDF90F-68D9-40C9-A3B8-DD302D0F8D57}"
EndProject
Global
	GlobalSection(SolutionConfigurationPlatforms) = preSolution
		Debug|Any CPU = Debug|Any CPU
		Release|Any CPU = Release|Any CPU
	EndGlobalSection
	GlobalSection(ProjectConfigurationPlatforms) = postSolution
		{F469A682-6889-4C02-9389-9918A6F3FC42}.Debug|Any CPU.ActiveCfg = Debug|Any CPU
		{F469A682-6889-4C02-9389-9918A6F3FC42}.Debug|Any CPU.Build.0 = Debug|Any CPU
		{F469A682-6889-4C02-9389-9918A6F3FC42}.Release|Any CPU.ActiveCfg = Release|Any CPU
		{F469A682-6889-4C02-9389-9918A6F3FC42}.Release|Any CPU.Build.0 = Release|Any CPU
		{C4DDF90F-68D9-40C9-A3B8-DD302D0F8D57}.Debug|Any CPU.ActiveCfg = Debug|Any CPU
		{C4DDF90F-68D9-40C9-A3B8-DD302D0F8D57}.Debug|Any CPU.Build.0 = Debug|Any CPU
		{C4DDF90F-68D9-40C9-A3B8-DD302D0F8D57}.Release|Any CPU.ActiveCfg = Release|Any CPU
		{C4DDF90F-68D9-40C9-A3B8-DD302D0F8D57}.Release|Any CPU.Build.0 = Release|Any CPU
	EndGlobalSection
	GlobalSection(SolutionProperties) = preSolution
		HideSolutionNode = FALSE
	EndGlobalSection
	GlobalSection(ExtensibilityGlobals) = postSolution
		SolutionGuid = {9A426336-81FA-403C-B3F8-2F257AC30669}
	EndGlobalSection
EndGlobal
